
Microsoft Visual Studio Solution File, Format Version 12.00
# Visual Studio Version 17
VisualStudioVersion = 17.8.34004.107
MinimumVisualStudioVersion = 10.0.40219.1
Project("{9A19103F-16F7-4668-BE54-9A1E7A4F7556}") = "BlazorUiKit", "src\BlazorUiKit.csproj", "{49312184-8863-4EFE-90E1-C01B9C22F1D9}"
EndProject
Global
	GlobalSection(SolutionConfigurationPlatforms) = preSolution
		Debug|Any CPU = Debug|Any CPU
		Release|Any CPU = Release|Any CPU
	EndGlobalSection
	GlobalSection(ProjectConfigurationPlatforms) = postSolution
		{49312184-8863-4EFE-90E1-C01B9C22F1D9}.Debug|Any CPU.ActiveCfg = Debug|Any CPU
		{49312184-8863-4EFE-90E1-C01B9C22F1D9}.Debug|Any CPU.Build.0 = Debug|Any CPU
		{49312184-8863-4EFE-90E1-C01B9C22F1D9}.Release|Any CPU.ActiveCfg = Release|Any CPU
		{49312184-8863-4EFE-90E1-C01B9C22F1D9}.Release|Any CPU.Build.0 = Release|Any CPU
	EndGlobalSection
	GlobalSection(SolutionProperties) = preSolution
		HideSolutionNode = FALSE
	EndGlobalSection
	GlobalSection(ExtensibilityGlobals) = postSolution
		SolutionGuid = {CF358A71-3800-4BE9-B382-D321C0A2183E}
	EndGlobalSection
EndGlobal
